
Microsoft Visual Studio Solution File, Format Version 12.00
# Visual Studio Version 17
VisualStudioVersion = 17.5.002.0
MinimumVisualStudioVersion = 10.0.40219.1
Project("{9A19103F-16F7-4668-BE54-9A1E7A4F7556}") = "Starter", "Starter\Starter.csproj", "{BD4ACDA1-4C27-4E60-A5DA-FF889DAD7B39}"
EndProject
Project("{9A19103F-16F7-4668-BE54-9A1E7A4F7556}") = "Final", "Final\Final.csproj", "{0A679125-0BB4-466F-9424-6C7C831075FE}"
EndProject
Global
	GlobalSection(SolutionConfigurationPlatforms) = preSolution
		Debug|Any CPU = Debug|Any CPU
		Release|Any CPU = Release|Any CPU
	EndGlobalSection
	GlobalSection(ProjectConfigurationPlatforms) = postSolution
		{BD4ACDA1-4C27-4E60-A5DA-FF889DAD7B39}.Debug|Any CPU.ActiveCfg = Debug|Any CPU
		{BD4ACDA1-4C27-4E60-A5DA-FF889DAD7B39}.Debug|Any CPU.Build.0 = Debug|Any CPU
		{BD4ACDA1-4C27-4E60-A5DA-FF889DAD7B39}.Release|Any CPU.ActiveCfg = Release|Any CPU
		{BD4ACDA1-4C27-4E60-A5DA-FF889DAD7B39}.Release|Any CPU.Build.0 = Release|Any CPU
		{0A679125-0BB4-466F-9424-6C7C831075FE}.Debug|Any CPU.ActiveCfg = Debug|Any CPU
		{0A679125-0BB4-466F-9424-6C7C831075FE}.Debug|Any CPU.Build.0 = Debug|Any CPU
		{0A679125-0BB4-466F-9424-6C7C831075FE}.Release|Any CPU.ActiveCfg = Release|Any CPU
		{0A679125-0BB4-466F-9424-6C7C831075FE}.Release|Any CPU.Build.0 = Release|Any CPU
	EndGlobalSection
	GlobalSection(SolutionProperties) = preSolution
		HideSolutionNode = FALSE
	EndGlobalSection
	GlobalSection(ExtensibilityGlobals) = postSolution
		SolutionGuid = {AD29C974-F6F0-403F-8E6E-9EA173B9184A}
	EndGlobalSection
EndGlobal
